
Microsoft Visual Studio Solution File, Format Version 12.00
# Visual Studio Version 16
VisualStudioVersion = 16.0.31613.86
MinimumVisualStudioVersion = 10.0.40219.1
Project("{FAE04EC0-301F-11D3-BF4B-00C04F79EFBC}") = "FluentValidationDemo", "FluentValidationDemo.csproj", "{9706E021-8DE4-4DA4-8052-6EB9566E8B1A}"
EndProject
Global
	GlobalSection(SolutionConfigurationPlatforms) = preSolution
		Debug|Any CPU = Debug|Any CPU
		Release|Any CPU = Release|Any CPU
	EndGlobalSection
	GlobalSection(ProjectConfigurationPlatforms) = postSolution
		{9706E021-8DE4-4DA4-8052-6EB9566E8B1A}.Debug|Any CPU.ActiveCfg = Debug|Any CPU
		{9706E021-8DE4-4DA4-8052-6EB9566E8B1A}.Debug|Any CPU.Build.0 = Debug|Any CPU
		{9706E021-8DE4-4DA4-8052-6EB9566E8B1A}.Release|Any CPU.ActiveCfg = Release|Any CPU
		{9706E021-8DE4-4DA4-8052-6EB9566E8B1A}.Release|Any CPU.Build.0 = Release|Any CPU
	EndGlobalSection
	GlobalSection(SolutionProperties) = preSolution
		HideSolutionNode = FALSE
	EndGlobalSection
	GlobalSection(ExtensibilityGlobals) = postSolution
		SolutionGuid = {E3E555B7-EC57-42C9-98BE-C6733269686F}
	EndGlobalSection
EndGlobal
